
Microsoft Visual Studio Solution File, Format Version 12.00
# Visual Studio 2012
Project("{FAE04EC0-301F-11D3-BF4B-00C04F79EFBC}") = "MsmqDemo.Web", "MsmqDemo.Web\MsmqDemo.Web.csproj", "{70B5BEDD-D09A-4B3B-9C12-5F7D9191EDDB}"
EndProject
Project("{2150E333-8FDC-42A3-9474-1A3956D46DE8}") = "Client", "Client", "{5BF108C8-5D1F-4D12-9F1B-BCE6F4000697}"
EndProject
Project("{2150E333-8FDC-42A3-9474-1A3956D46DE8}") = "Shared", "Shared", "{9E626520-28D3-4CAE-AD3B-A1911181B37F}"
EndProject
Project("{FAE04EC0-301F-11D3-BF4B-00C04F79EFBC}") = "MsmqDemo.Services.Shared", "MsmqDemo.Services.Shared\MsmqDemo.Services.Shared.csproj", "{BC048BD2-7075-4B53-8CE7-28EF17312989}"
EndProject
Project("{2150E333-8FDC-42A3-9474-1A3956D46DE8}") = "Services", "Services", "{284574B1-3392-4671-9EB4-746C55F0B872}"
EndProject
Project("{FAE04EC0-301F-11D3-BF4B-00C04F79EFBC}") = "MsmqDemo.Services", "MsmqDemo.Services\MsmqDemo.Services.csproj", "{14F60C40-2FE4-4347-8811-972239F17DBE}"
EndProject
Project("{FAE04EC0-301F-11D3-BF4B-00C04F79EFBC}") = "MsmqDemo.Services.ConsoleHost", "MsmqDemo.Services.ConsoleHost\MsmqDemo.Services.ConsoleHost.csproj", "{E0D12BF7-C5E4-408A-A41D-4F33619F827A}"
EndProject
Project("{FAE04EC0-301F-11D3-BF4B-00C04F79EFBC}") = "MsmqDemo.Business", "MsmqDemo.Business\MsmqDemo.Business.csproj", "{3A02B001-F043-4B44-AB86-C5EC8836434A}"
EndProject
Project("{2150E333-8FDC-42A3-9474-1A3956D46DE8}") = ".nuget", ".nuget", "{7114DAD8-114B-48E9-87B2-BCCF453CB0BC}"
	ProjectSection(SolutionItems) = preProject
		.nuget\NuGet.Config = .nuget\NuGet.Config
		.nuget\NuGet.exe = .nuget\NuGet.exe
		.nuget\NuGet.targets = .nuget\NuGet.targets
	EndProjectSection
EndProject
Project("{FAE04EC0-301F-11D3-BF4B-00C04F79EFBC}") = "MsmqDemo.Services.WindowsServiceHost", "MsmqDemo.Services.WindowsServiceHost\MsmqDemo.Services.WindowsServiceHost.csproj", "{EABBC680-4E38-4896-A727-A6DAEE551A66}"
EndProject
Project("{FAE04EC0-301F-11D3-BF4B-00C04F79EFBC}") = "Msmq.Client.Slammer", "Msmq.Client.Slammer\Msmq.Client.Slammer.csproj", "{B8230877-4752-44A0-BE7A-5DC414DA118C}"
EndProject
Project("{FAE04EC0-301F-11D3-BF4B-00C04F79EFBC}") = "MsmqDemo.Services.WebHost", "MsmqDemo.Services.WebHost\MsmqDemo.Services.WebHost.csproj", "{1ED8F665-D08C-4237-8E91-FE6FFAD99CDF}"
EndProject
Global
	GlobalSection(SolutionConfigurationPlatforms) = preSolution
		Debug|Any CPU = Debug|Any CPU
		Release|Any CPU = Release|Any CPU
	EndGlobalSection
	GlobalSection(ProjectConfigurationPlatforms) = postSolution
		{70B5BEDD-D09A-4B3B-9C12-5F7D9191EDDB}.Debug|Any CPU.ActiveCfg = Debug|Any CPU
		{70B5BEDD-D09A-4B3B-9C12-5F7D9191EDDB}.Debug|Any CPU.Build.0 = Debug|Any CPU
		{70B5BEDD-D09A-4B3B-9C12-5F7D9191EDDB}.Release|Any CPU.ActiveCfg = Release|Any CPU
		{70B5BEDD-D09A-4B3B-9C12-5F7D9191EDDB}.Release|Any CPU.Build.0 = Release|Any CPU
		{BC048BD2-7075-4B53-8CE7-28EF17312989}.Debug|Any CPU.ActiveCfg = Debug|Any CPU
		{BC048BD2-7075-4B53-8CE7-28EF17312989}.Debug|Any CPU.Build.0 = Debug|Any CPU
		{BC048BD2-7075-4B53-8CE7-28EF17312989}.Release|Any CPU.ActiveCfg = Release|Any CPU
		{BC048BD2-7075-4B53-8CE7-28EF17312989}.Release|Any CPU.Build.0 = Release|Any CPU
		{14F60C40-2FE4-4347-8811-972239F17DBE}.Debug|Any CPU.ActiveCfg = Debug|Any CPU
		{14F60C40-2FE4-4347-8811-972239F17DBE}.Debug|Any CPU.Build.0 = Debug|Any CPU
		{14F60C40-2FE4-4347-8811-972239F17DBE}.Release|Any CPU.ActiveCfg = Release|Any CPU
		{14F60C40-2FE4-4347-8811-972239F17DBE}.Release|Any CPU.Build.0 = Release|Any CPU
		{E0D12BF7-C5E4-408A-A41D-4F33619F827A}.Debug|Any CPU.ActiveCfg = Debug|Any CPU
		{E0D12BF7-C5E4-408A-A41D-4F33619F827A}.Debug|Any CPU.Build.0 = Debug|Any CPU
		{E0D12BF7-C5E4-408A-A41D-4F33619F827A}.Release|Any CPU.ActiveCfg = Release|Any CPU
		{E0D12BF7-C5E4-408A-A41D-4F33619F827A}.Release|Any CPU.Build.0 = Release|Any CPU
		{3A02B001-F043-4B44-AB86-C5EC8836434A}.Debug|Any CPU.ActiveCfg = Debug|Any CPU
		{3A02B001-F043-4B44-AB86-C5EC8836434A}.Debug|Any CPU.Build.0 = Debug|Any CPU
		{3A02B001-F043-4B44-AB86-C5EC8836434A}.Release|Any CPU.ActiveCfg = Release|Any CPU
		{3A02B001-F043-4B44-AB86-C5EC8836434A}.Release|Any CPU.Build.0 = Release|Any CPU
		{EABBC680-4E38-4896-A727-A6DAEE551A66}.Debug|Any CPU.ActiveCfg = Debug|Any CPU
		{EABBC680-4E38-4896-A727-A6DAEE551A66}.Debug|Any CPU.Build.0 = Debug|Any CPU
		{EABBC680-4E38-4896-A727-A6DAEE551A66}.Release|Any CPU.ActiveCfg = Release|Any CPU
		{EABBC680-4E38-4896-A727-A6DAEE551A66}.Release|Any CPU.Build.0 = Release|Any CPU
		{B8230877-4752-44A0-BE7A-5DC414DA118C}.Debug|Any CPU.ActiveCfg = Debug|Any CPU
		{B8230877-4752-44A0-BE7A-5DC414DA118C}.Debug|Any CPU.Build.0 = Debug|Any CPU
		{B8230877-4752-44A0-BE7A-5DC414DA118C}.Release|Any CPU.ActiveCfg = Release|Any CPU
		{B8230877-4752-44A0-BE7A-5DC414DA118C}.Release|Any CPU.Build.0 = Release|Any CPU
		{1ED8F665-D08C-4237-8E91-FE6FFAD99CDF}.Debug|Any CPU.ActiveCfg = Debug|Any CPU
		{1ED8F665-D08C-4237-8E91-FE6FFAD99CDF}.Debug|Any CPU.Build.0 = Debug|Any CPU
		{1ED8F665-D08C-4237-8E91-FE6FFAD99CDF}.Release|Any CPU.ActiveCfg = Release|Any CPU
		{1ED8F665-D08C-4237-8E91-FE6FFAD99CDF}.Release|Any CPU.Build.0 = Release|Any CPU
	EndGlobalSection
	GlobalSection(SolutionProperties) = preSolution
		HideSolutionNode = FALSE
	EndGlobalSection
	GlobalSection(NestedProjects) = preSolution
		{70B5BEDD-D09A-4B3B-9C12-5F7D9191EDDB} = {5BF108C8-5D1F-4D12-9F1B-BCE6F4000697}
		{B8230877-4752-44A0-BE7A-5DC414DA118C} = {5BF108C8-5D1F-4D12-9F1B-BCE6F4000697}
		{BC048BD2-7075-4B53-8CE7-28EF17312989} = {9E626520-28D3-4CAE-AD3B-A1911181B37F}
		{14F60C40-2FE4-4347-8811-972239F17DBE} = {284574B1-3392-4671-9EB4-746C55F0B872}
		{E0D12BF7-C5E4-408A-A41D-4F33619F827A} = {284574B1-3392-4671-9EB4-746C55F0B872}
		{3A02B001-F043-4B44-AB86-C5EC8836434A} = {284574B1-3392-4671-9EB4-746C55F0B872}
		{EABBC680-4E38-4896-A727-A6DAEE551A66} = {284574B1-3392-4671-9EB4-746C55F0B872}
		{1ED8F665-D08C-4237-8E91-FE6FFAD99CDF} = {284574B1-3392-4671-9EB4-746C55F0B872}
	EndGlobalSection
EndGlobal
